
Microsoft Visual Studio Solution File, Format Version 11.00
# Visual Studio 2010
Project("{FAE04EC0-301F-11D3-BF4B-00C04F79EFBC}") = "Assembly-CSharp", "Assembly-CSharp.csproj", "{FE22B22B-B6C4-CFA4-9A50-7E75D4A8DE4B}"
EndProject
Project("{FAE04EC0-301F-11D3-BF4B-00C04F79EFBC}") = "Unity.StarterAssets", "Unity.StarterAssets.csproj", "{9C5C5FE2-9C7A-1360-8E9B-303CA22027C5}"
EndProject
Project("{FAE04EC0-301F-11D3-BF4B-00C04F79EFBC}") = "URPWizard", "URPWizard.csproj", "{F8C425E9-009B-39AB-B56C-852B07667680}"
EndProject
Project("{FAE04EC0-301F-11D3-BF4B-00C04F79EFBC}") = "Assembly-CSharp-Editor", "Assembly-CSharp-Editor.csproj", "{6790B945-7D28-F378-42B7-E22CC1BF732F}"
EndProject
Project("{FAE04EC0-301F-11D3-BF4B-00C04F79EFBC}") = "Unity.StarterAssets.Editor", "Unity.StarterAssets.Editor.csproj", "{A6278D8A-5CEB-1759-9FEF-AFB30EA7A2B7}"
EndProject
Global
	GlobalSection(SolutionConfigurationPlatforms) = preSolution
		Debug|Any CPU = Debug|Any CPU
		Release|Any CPU = Release|Any CPU
	EndGlobalSection
	GlobalSection(ProjectConfigurationPlatforms) = postSolution
		{FE22B22B-B6C4-CFA4-9A50-7E75D4A8DE4B}.Debug|Any CPU.ActiveCfg = Debug|Any CPU
		{FE22B22B-B6C4-CFA4-9A50-7E75D4A8DE4B}.Debug|Any CPU.Build.0 = Debug|Any CPU
		{FE22B22B-B6C4-CFA4-9A50-7E75D4A8DE4B}.Release|Any CPU.ActiveCfg = Release|Any CPU
		{FE22B22B-B6C4-CFA4-9A50-7E75D4A8DE4B}.Release|Any CPU.Build.0 = Release|Any CPU
		{9C5C5FE2-9C7A-1360-8E9B-303CA22027C5}.Debug|Any CPU.ActiveCfg = Debug|Any CPU
		{9C5C5FE2-9C7A-1360-8E9B-303CA22027C5}.Debug|Any CPU.Build.0 = Debug|Any CPU
		{9C5C5FE2-9C7A-1360-8E9B-303CA22027C5}.Release|Any CPU.ActiveCfg = Release|Any CPU
		{9C5C5FE2-9C7A-1360-8E9B-303CA22027C5}.Release|Any CPU.Build.0 = Release|Any CPU
		{F8C425E9-009B-39AB-B56C-852B07667680}.Debug|Any CPU.ActiveCfg = Debug|Any CPU
		{F8C425E9-009B-39AB-B56C-852B07667680}.Debug|Any CPU.Build.0 = Debug|Any CPU
		{F8C425E9-009B-39AB-B56C-852B07667680}.Release|Any CPU.ActiveCfg = Release|Any CPU
		{F8C425E9-009B-39AB-B56C-852B07667680}.Release|Any CPU.Build.0 = Release|Any CPU
		{6790B945-7D28-F378-42B7-E22CC1BF732F}.Debug|Any CPU.ActiveCfg = Debug|Any CPU
		{6790B945-7D28-F378-42B7-E22CC1BF732F}.Debug|Any CPU.Build.0 = Debug|Any CPU
		{6790B945-7D28-F378-42B7-E22CC1BF732F}.Release|Any CPU.ActiveCfg = Release|Any CPU
		{6790B945-7D28-F378-42B7-E22CC1BF732F}.Release|Any CPU.Build.0 = Release|Any CPU
		{A6278D8A-5CEB-1759-9FEF-AFB30EA7A2B7}.Debug|Any CPU.ActiveCfg = Debug|Any CPU
		{A6278D8A-5CEB-1759-9FEF-AFB30EA7A2B7}.Debug|Any CPU.Build.0 = Debug|Any CPU
		{A6278D8A-5CEB-1759-9FEF-AFB30EA7A2B7}.Release|Any CPU.ActiveCfg = Release|Any CPU
		{A6278D8A-5CEB-1759-9FEF-AFB30EA7A2B7}.Release|Any CPU.Build.0 = Release|Any CPU
	EndGlobalSection
	GlobalSection(SolutionProperties) = preSolution
		HideSolutionNode = FALSE
	EndGlobalSection
EndGlobal
